Microsoft Visual Studio Solution File, Format Version 11.00
# Visual Studio 2008

Project("{D5AC3DEC-7AD2-B310-DC6A-4E7A730D7F83}") = "MultiFPS - ep 18", "Assembly-CSharp.csproj", "{166FF8B7-AB82-ADC5-68E2-32679339557C}"
EndProject
Project("{D5AC3DEC-7AD2-B310-DC6A-4E7A730D7F83}") = "MultiFPS - ep 18", "Assembly-CSharp-Editor.csproj", "{3AE6F728-9433-DF9A-4961-CF1D2227B89D}"
EndProject
Project("{D5AC3DEC-7AD2-B310-DC6A-4E7A730D7F83}") = "MultiFPS - ep 18", "Assembly-UnityScript.unityproj", "{5CD0FE84-C95C-6B79-52DD-8B0E043703D8}"
EndProject
Global
	GlobalSection(SolutionConfigurationPlatforms) = preSolution
		Debug|Any CPU = Debug|Any CPU
		Release|Any CPU = Release|Any CPU
	EndGlobalSection
	GlobalSection(ProjectConfigurationPlatforms) = postSolution
		{166FF8B7-AB82-ADC5-68E2-32679339557C}.Debug|Any CPU.ActiveCfg = Debug|Any CPU
		{166FF8B7-AB82-ADC5-68E2-32679339557C}.Debug|Any CPU.Build.0 = Debug|Any CPU
		{166FF8B7-AB82-ADC5-68E2-32679339557C}.Release|Any CPU.ActiveCfg = Release|Any CPU
		{166FF8B7-AB82-ADC5-68E2-32679339557C}.Release|Any CPU.Build.0 = Release|Any CPU
		{3AE6F728-9433-DF9A-4961-CF1D2227B89D}.Debug|Any CPU.ActiveCfg = Debug|Any CPU
		{3AE6F728-9433-DF9A-4961-CF1D2227B89D}.Debug|Any CPU.Build.0 = Debug|Any CPU
		{3AE6F728-9433-DF9A-4961-CF1D2227B89D}.Release|Any CPU.ActiveCfg = Release|Any CPU
		{3AE6F728-9433-DF9A-4961-CF1D2227B89D}.Release|Any CPU.Build.0 = Release|Any CPU
		{5CD0FE84-C95C-6B79-52DD-8B0E043703D8}.Debug|Any CPU.ActiveCfg = Debug|Any CPU
		{5CD0FE84-C95C-6B79-52DD-8B0E043703D8}.Debug|Any CPU.Build.0 = Debug|Any CPU
		{5CD0FE84-C95C-6B79-52DD-8B0E043703D8}.Release|Any CPU.ActiveCfg = Release|Any CPU
		{5CD0FE84-C95C-6B79-52DD-8B0E043703D8}.Release|Any CPU.Build.0 = Release|Any CPU
	EndGlobalSection
	GlobalSection(SolutionProperties) = preSolution
		HideSolutionNode = FALSE
	EndGlobalSection
	GlobalSection(MonoDevelopProperties) = preSolution
		StartupItem = Assembly-CSharp.csproj
		Policies = $0
		$0.TextStylePolicy = $1
		$1.inheritsSet = null
		$1.scope = text/x-csharp
		$0.CSharpFormattingPolicy = $2
		$2.inheritsSet = Mono
		$2.inheritsScope = text/x-csharp
		$2.scope = text/x-csharp
		$0.TextStylePolicy = $3
		$3.FileWidth = 120
		$3.TabWidth = 4
		$3.EolMarker = Unix
		$3.inheritsSet = Mono
		$3.inheritsScope = text/plain
		$3.scope = text/plain
	EndGlobalSection
EndGlobal
