Microsoft Visual Studio Solution File, Format Version 11.00
# Visual Studio 2008

Project("{832F37D6-43C5-2BA8-FE15-4402D5456C23}") = "MultiFPS - ep 22", "Assembly-CSharp.csproj", "{C2810BA5-AEF1-E8B2-380C-51A358367460}"
EndProject
Project("{832F37D6-43C5-2BA8-FE15-4402D5456C23}") = "MultiFPS - ep 22", "Assembly-CSharp-Editor.csproj", "{45001DFF-1C57-E121-B504-F489088D3E66}"
EndProject
Project("{832F37D6-43C5-2BA8-FE15-4402D5456C23}") = "MultiFPS - ep 22", "Assembly-UnityScript.unityproj", "{C048CAD9-6DE1-EF92-E2C6-31F3C8CD5703}"
EndProject
Global
	GlobalSection(SolutionConfigurationPlatforms) = preSolution
		Debug|Any CPU = Debug|Any CPU
		Release|Any CPU = Release|Any CPU
	EndGlobalSection
	GlobalSection(ProjectConfigurationPlatforms) = postSolution
		{C2810BA5-AEF1-E8B2-380C-51A358367460}.Debug|Any CPU.ActiveCfg = Debug|Any CPU
		{C2810BA5-AEF1-E8B2-380C-51A358367460}.Debug|Any CPU.Build.0 = Debug|Any CPU
		{C2810BA5-AEF1-E8B2-380C-51A358367460}.Release|Any CPU.ActiveCfg = Release|Any CPU
		{C2810BA5-AEF1-E8B2-380C-51A358367460}.Release|Any CPU.Build.0 = Release|Any CPU
		{45001DFF-1C57-E121-B504-F489088D3E66}.Debug|Any CPU.ActiveCfg = Debug|Any CPU
		{45001DFF-1C57-E121-B504-F489088D3E66}.Debug|Any CPU.Build.0 = Debug|Any CPU
		{45001DFF-1C57-E121-B504-F489088D3E66}.Release|Any CPU.ActiveCfg = Release|Any CPU
		{45001DFF-1C57-E121-B504-F489088D3E66}.Release|Any CPU.Build.0 = Release|Any CPU
		{C048CAD9-6DE1-EF92-E2C6-31F3C8CD5703}.Debug|Any CPU.ActiveCfg = Debug|Any CPU
		{C048CAD9-6DE1-EF92-E2C6-31F3C8CD5703}.Debug|Any CPU.Build.0 = Debug|Any CPU
		{C048CAD9-6DE1-EF92-E2C6-31F3C8CD5703}.Release|Any CPU.ActiveCfg = Release|Any CPU
		{C048CAD9-6DE1-EF92-E2C6-31F3C8CD5703}.Release|Any CPU.Build.0 = Release|Any CPU
	EndGlobalSection
	GlobalSection(SolutionProperties) = preSolution
		HideSolutionNode = FALSE
	EndGlobalSection
		GlobalSection(MonoDevelopProperties) = preSolution
		StartupItem = Assembly-CSharp.csproj
		Policies = $0
		$0.TextStylePolicy = $1
		$1.inheritsSet = null
		$1.scope = text/x-csharp
		$0.CSharpFormattingPolicy = $2
		$2.inheritsSet = Mono
		$2.inheritsScope = text/x-csharp
		$2.scope = text/x-csharp
		$0.TextStylePolicy = $3
		$3.FileWidth = 120
		$3.TabWidth = 4
		$3.EolMarker = Unix
		$3.inheritsSet = Mono
		$3.inheritsScope = text/plain
		$3.scope = text/plain
	EndGlobalSection

EndGlobal
